
Microsoft Visual Studio Solution File, Format Version 12.00
# Visual Studio 15
VisualStudioVersion = 15.0.27130.2027
MinimumVisualStudioVersion = 10.0.40219.1
Project("{FAE04EC0-301F-11D3-BF4B-00C04F79EFBC}") = "ResizeConsoleWindow", "ResizeConsoleWindow\ResizeConsoleWindow.csproj", "{200C5016-80DF-4B14-8767-2F69B13D305F}"
EndProject
Project("{FAE04EC0-301F-11D3-BF4B-00C04F79EFBC}") = "ConsoleCursorPosition", "ConsoleCursorPosition\ConsoleCursorPosition.csproj", "{DD7992A0-4392-4B76-B618-B75504207407}"
EndProject
Global
	GlobalSection(SolutionConfigurationPlatforms) = preSolution
		Debug|Any CPU = Debug|Any CPU
		Release|Any CPU = Release|Any CPU
	EndGlobalSection
	GlobalSection(ProjectConfigurationPlatforms) = postSolution
		{200C5016-80DF-4B14-8767-2F69B13D305F}.Debug|Any CPU.ActiveCfg = Debug|Any CPU
		{200C5016-80DF-4B14-8767-2F69B13D305F}.Debug|Any CPU.Build.0 = Debug|Any CPU
		{200C5016-80DF-4B14-8767-2F69B13D305F}.Release|Any CPU.ActiveCfg = Release|Any CPU
		{200C5016-80DF-4B14-8767-2F69B13D305F}.Release|Any CPU.Build.0 = Release|Any CPU
		{DD7992A0-4392-4B76-B618-B75504207407}.Debug|Any CPU.ActiveCfg = Debug|Any CPU
		{DD7992A0-4392-4B76-B618-B75504207407}.Debug|Any CPU.Build.0 = Debug|Any CPU
		{DD7992A0-4392-4B76-B618-B75504207407}.Release|Any CPU.ActiveCfg = Release|Any CPU
		{DD7992A0-4392-4B76-B618-B75504207407}.Release|Any CPU.Build.0 = Release|Any CPU
	EndGlobalSection
	GlobalSection(SolutionProperties) = preSolution
		HideSolutionNode = FALSE
	EndGlobalSection
	GlobalSection(ExtensibilityGlobals) = postSolution
		SolutionGuid = {3D362FD5-0606-47E3-902F-E1E05A40C4BD}
	EndGlobalSection
EndGlobal
